
Microsoft Visual Studio Solution File, Format Version 12.00
# Visual Studio Version 17
VisualStudioVersion = 17.9.34723.18
MinimumVisualStudioVersion = 10.0.40219.1
Project("{2150E333-8FDC-42A3-9474-1A3956D46DE8}") = "src", "src", "{D4EBA40F-4543-4950-922A-EC83F4CC01A4}"
EndProject
Project("{9A19103F-16F7-4668-BE54-9A1E7A4F7556}") = "Application", "src\Application\Application.csproj", "{55C5B30C-CB9D-41BD-9BA7-8FD4762292AB}"
EndProject
Project("{9A19103F-16F7-4668-BE54-9A1E7A4F7556}") = "Domain", "src\Domain\Domain.csproj", "{6C210B74-FD1E-4ACE-AFB2-BD2982853F7E}"
EndProject
Project("{9A19103F-16F7-4668-BE54-9A1E7A4F7556}") = "Infrastructure", "src\Infrastructure\Infrastructure.csproj", "{8D3CADEE-933D-4265-91F5-694C9D756902}"
EndProject
Project("{9A19103F-16F7-4668-BE54-9A1E7A4F7556}") = "Nadin.Products", "src\Nadin.Products\Nadin.Products.csproj", "{DD670853-7415-4F68-8859-79E7D1BA10B3}"
Global
	GlobalSection(SolutionConfigurationPlatforms) = preSolution
		Debug|Any CPU = Debug|Any CPU
		Release|Any CPU = Release|Any CPU
	EndGlobalSection
	GlobalSection(ProjectConfigurationPlatforms) = postSolution
		{55C5B30C-CB9D-41BD-9BA7-8FD4762292AB}.Debug|Any CPU.ActiveCfg = Debug|Any CPU
		{55C5B30C-CB9D-41BD-9BA7-8FD4762292AB}.Debug|Any CPU.Build.0 = Debug|Any CPU
		{55C5B30C-CB9D-41BD-9BA7-8FD4762292AB}.Release|Any CPU.ActiveCfg = Release|Any CPU
		{55C5B30C-CB9D-41BD-9BA7-8FD4762292AB}.Release|Any CPU.Build.0 = Release|Any CPU
		{6C210B74-FD1E-4ACE-AFB2-BD2982853F7E}.Debug|Any CPU.ActiveCfg = Debug|Any CPU
		{6C210B74-FD1E-4ACE-AFB2-BD2982853F7E}.Debug|Any CPU.Build.0 = Debug|Any CPU
		{6C210B74-FD1E-4ACE-AFB2-BD2982853F7E}.Release|Any CPU.ActiveCfg = Release|Any CPU
		{6C210B74-FD1E-4ACE-AFB2-BD2982853F7E}.Release|Any CPU.Build.0 = Release|Any CPU
		{8D3CADEE-933D-4265-91F5-694C9D756902}.Debug|Any CPU.ActiveCfg = Debug|Any CPU
		{8D3CADEE-933D-4265-91F5-694C9D756902}.Debug|Any CPU.Build.0 = Debug|Any CPU
		{8D3CADEE-933D-4265-91F5-694C9D756902}.Release|Any CPU.ActiveCfg = Release|Any CPU
		{8D3CADEE-933D-4265-91F5-694C9D756902}.Release|Any CPU.Build.0 = Release|Any CPU
		{DD670853-7415-4F68-8859-79E7D1BA10B3}.Debug|Any CPU.ActiveCfg = Debug|Any CPU
		{DD670853-7415-4F68-8859-79E7D1BA10B3}.Debug|Any CPU.Build.0 = Debug|Any CPU
		{DD670853-7415-4F68-8859-79E7D1BA10B3}.Release|Any CPU.ActiveCfg = Release|Any CPU
		{DD670853-7415-4F68-8859-79E7D1BA10B3}.Release|Any CPU.Build.0 = Release|Any CPU
		{1E193996-FDB9-4A3D-A97C-E64CCE1A4C34}.Debug|Any CPU.ActiveCfg = Debug|Any CPU
		{1E193996-FDB9-4A3D-A97C-E64CCE1A4C34}.Debug|Any CPU.Build.0 = Debug|Any CPU
		{1E193996-FDB9-4A3D-A97C-E64CCE1A4C34}.Release|Any CPU.ActiveCfg = Release|Any CPU
		{1E193996-FDB9-4A3D-A97C-E64CCE1A4C34}.Release|Any CPU.Build.0 = Release|Any CPU
	EndGlobalSection
	GlobalSection(SolutionProperties) = preSolution
		HideSolutionNode = FALSE
	EndGlobalSection
	GlobalSection(NestedProjects) = preSolution
		{55C5B30C-CB9D-41BD-9BA7-8FD4762292AB} = {D4EBA40F-4543-4950-922A-EC83F4CC01A4}
		{6C210B74-FD1E-4ACE-AFB2-BD2982853F7E} = {D4EBA40F-4543-4950-922A-EC83F4CC01A4}
		{8D3CADEE-933D-4265-91F5-694C9D756902} = {D4EBA40F-4543-4950-922A-EC83F4CC01A4}
		{DD670853-7415-4F68-8859-79E7D1BA10B3} = {D4EBA40F-4543-4950-922A-EC83F4CC01A4}
		{1E193996-FDB9-4A3D-A97C-E64CCE1A4C34} = {B8631002-DC65-4109-9CCA-DE682F3D1F24}
	EndGlobalSection
	GlobalSection(ExtensibilityGlobals) = postSolution
		SolutionGuid = {EF21D78D-F77B-465C-A5B3-F403EA621CD9}
	EndGlobalSection
EndGlobal
